// !$*UTF8*$!
{
	archiveVersion = 1;
	classes = {
	};
	objectVersion = 56;
	objects = {

/* Begin PBXBuildFile section */
		8961D98128F035A900BE4821 /* AppDelegate.swift in Sources */ = {isa = PBXBuildFile; fileRef = 8961D98028F035A900BE4821 /* AppDelegate.swift */; };
		8961D98328F035A900BE4821 /* SceneDelegate.swift in Sources */ = {isa = PBXBuildFile; fileRef = 8961D98228F035A900BE4821 /* SceneDelegate.swift */; };
		8961D98528F035A900BE4821 /* MovieViewController.swift in Sources */ = {isa = PBXBuildFile; fileRef = 8961D98428F035A900BE4821 /* MovieViewController.swift */; };
		8961D98828F035A900BE4821 /* Main.storyboard in Resources */ = {isa = PBXBuildFile; fileRef = 8961D98628F035A900BE4821 /* Main.storyboard */; };
		8961D98A28F035AB00BE4821 /* Assets.xcassets in Resources */ = {isa = PBXBuildFile; fileRef = 8961D98928F035AB00BE4821 /* Assets.xcassets */; };
		8961D98D28F035AB00BE4821 /* LaunchScreen.storyboard in Resources */ = {isa = PBXBuildFile; fileRef = 8961D98B28F035AB00BE4821 /* LaunchScreen.storyboard */; };
		8961D99628F0362D00BE4821 /* MovieCollectionViewCell.swift in Sources */ = {isa = PBXBuildFile; fileRef = 8961D99428F0362D00BE4821 /* MovieCollectionViewCell.swift */; };
		8961D99728F0362D00BE4821 /* MovieCollectionViewCell.xib in Resources */ = {isa = PBXBuildFile; fileRef = 8961D99528F0362D00BE4821 /* MovieCollectionViewCell.xib */; };
		8961D99928F03C3C00BE4821 /* Movie.swift in Sources */ = {isa = PBXBuildFile; fileRef = 8961D99828F03C3C00BE4821 /* Movie.swift */; };
		8961D9A128F03D1000BE4821 /* NetworkManager.swift in Sources */ = {isa = PBXBuildFile; fileRef = 8961D9A028F03D1000BE4821 /* NetworkManager.swift */; };
		8961D9A328F04B2100BE4821 /* MovieViewModel.swift in Sources */ = {isa = PBXBuildFile; fileRef = 8961D9A228F04B2100BE4821 /* MovieViewModel.swift */; };
/* End PBXBuildFile section */

/* Begin PBXFileReference section */
		8961D97D28F035A900BE4821 /* MovieApp.app */ = {isa = PBXFileReference; explicitFileType = wrapper.application; includeInIndex = 0; path = MovieApp.app; sourceTree = BUILT_PRODUCTS_DIR; };
		8961D98028F035A900BE4821 /* AppDelegate.swift */ = {isa = PBXFileReference; lastKnownFileType = sourcecode.swift; path = AppDelegate.swift; sourceTree = "<group>"; };
		8961D98228F035A900BE4821 /* SceneDelegate.swift */ = {isa = PBXFileReference; lastKnownFileType = sourcecode.swift; path = SceneDelegate.swift; sourceTree = "<group>"; };
		8961D98428F035A900BE4821 /* MovieViewController.swift */ = {isa = PBXFileReference; lastKnownFileType = sourcecode.swift; path = MovieViewController.swift; sourceTree = "<group>"; };
		8961D98728F035A900BE4821 /* Base */ = {isa = PBXFileReference; lastKnownFileType = file.storyboard; name = Base; path = Base.lproj/Main.storyboard; sourceTree = "<group>"; };
		8961D98928F035AB00BE4821 /* Assets.xcassets */ = {isa = PBXFileReference; lastKnownFileType = folder.assetcatalog; path = Assets.xcassets; sourceTree = "<group>"; };
		8961D98C28F035AB00BE4821 /* Base */ = {isa = PBXFileReference; lastKnownFileType = file.storyboard; name = Base; path = Base.lproj/LaunchScreen.storyboard; sourceTree = "<group>"; };
		8961D98E28F035AB00BE4821 /* Info.plist */ = {isa = PBXFileReference; lastKnownFileType = text.plist.xml; path = Info.plist; sourceTree = "<group>"; };
		8961D99428F0362D00BE4821 /* MovieCollectionViewCell.swift */ = {isa = PBXFileReference; lastKnownFileType = sourcecode.swift; path = MovieCollectionViewCell.swift; sourceTree = "<group>"; };
		8961D99528F0362D00BE4821 /* MovieCollectionViewCell.xib */ = {isa = PBXFileReference; lastKnownFileType = file.xib; path = MovieCollectionViewCell.xib; sourceTree = "<group>"; };
		8961D99828F03C3C00BE4821 /* Movie.swift */ = {isa = PBXFileReference; lastKnownFileType = sourcecode.swift; path = Movie.swift; sourceTree = "<group>"; };
		8961D9A028F03D1000BE4821 /* NetworkManager.swift */ = {isa = PBXFileReference; lastKnownFileType = sourcecode.swift; path = NetworkManager.swift; sourceTree = "<group>"; };
		8961D9A228F04B2100BE4821 /* MovieViewModel.swift */ = {isa = PBXFileReference; lastKnownFileType = sourcecode.swift; path = MovieViewModel.swift; sourceTree = "<group>"; };
/* End PBXFileReference section */

/* Begin PBXFrameworksBuildPhase section */
		8961D97A28F035A900BE4821 /* Frameworks */ = {
			isa = PBXFrameworksBuildPhase;
			buildActionMask = 2147483647;
			files = (
			);
			runOnlyForDeploymentPostprocessing = 0;
		};
/* End PBXFrameworksBuildPhase section */

/* Begin PBXGroup section */
		8961D97428F035A900BE4821 = {
			isa = PBXGroup;
			children = (
				8961D97F28F035A900BE4821 /* MovieApp */,
				8961D97E28F035A900BE4821 /* Products */,
			);
			sourceTree = "<group>";
		};
		8961D97E28F035A900BE4821 /* Products */ = {
			isa = PBXGroup;
			children = (
				8961D97D28F035A900BE4821 /* MovieApp.app */,
			);
			name = Products;
			sourceTree = "<group>";
		};
		8961D97F28F035A900BE4821 /* MovieApp */ = {
			isa = PBXGroup;
			children = (
				8961D99D28F03CC100BE4821 /* Application */,
				8961D99C28F03CB700BE4821 /* View Controllers */,
				8961D99B28F03CB200BE4821 /* Models */,
				8961D99A28F03CAB00BE4821 /* Views */,
				8961D99E28F03CC800BE4821 /* Storyboards */,
				8961D99F28F03CD200BE4821 /* Resources */,
				8961D9A428F04D1D00BE4821 /* Services */,
			);
			path = MovieApp;
			sourceTree = "<group>";
		};
		8961D99A28F03CAB00BE4821 /* Views */ = {
			isa = PBXGroup;
			children = (
				8961D99428F0362D00BE4821 /* MovieCollectionViewCell.swift */,
				8961D99528F0362D00BE4821 /* MovieCollectionViewCell.xib */,
			);
			path = Views;
			sourceTree = "<group>";
		};
		8961D99B28F03CB200BE4821 /* Models */ = {
			isa = PBXGroup;
			children = (
				8961D99828F03C3C00BE4821 /* Movie.swift */,
			);
			path = Models;
			sourceTree = "<group>";
		};
		8961D99C28F03CB700BE4821 /* View Controllers */ = {
			isa = PBXGroup;
			children = (
				8961D98428F035A900BE4821 /* MovieViewController.swift */,
				8961D9A228F04B2100BE4821 /* MovieViewModel.swift */,
			);
			path = "View Controllers";
			sourceTree = "<group>";
		};
		8961D99D28F03CC100BE4821 /* Application */ = {
			isa = PBXGroup;
			children = (
				8961D98028F035A900BE4821 /* AppDelegate.swift */,
				8961D98228F035A900BE4821 /* SceneDelegate.swift */,
				8961D98E28F035AB00BE4821 /* Info.plist */,
			);
			path = Application;
			sourceTree = "<group>";
		};
		8961D99E28F03CC800BE4821 /* Storyboards */ = {
			isa = PBXGroup;
			children = (
				8961D98628F035A900BE4821 /* Main.storyboard */,
				8961D98B28F035AB00BE4821 /* LaunchScreen.storyboard */,
			);
			path = Storyboards;
			sourceTree = "<group>";
		};
		8961D99F28F03CD200BE4821 /* Resources */ = {
			isa = PBXGroup;
			children = (
				8961D98928F035AB00BE4821 /* Assets.xcassets */,
			);
			path = Resources;
			sourceTree = "<group>";
		};
		8961D9A428F04D1D00BE4821 /* Services */ = {
			isa = PBXGroup;
			children = (
				8961D9A028F03D1000BE4821 /* NetworkManager.swift */,
			);
			path = Services;
			sourceTree = "<group>";
		};
/* End PBXGroup section */

/* Begin PBXNativeTarget section */
		8961D97C28F035A900BE4821 /* MovieApp */ = {
			isa = PBXNativeTarget;
			buildConfigurationList = 8961D99128F035AB00BE4821 /* Build configuration list for PBXNativeTarget "MovieApp" */;
			buildPhases = (
				8961D97928F035A900BE4821 /* Sources */,
				8961D97A28F035A900BE4821 /* Frameworks */,
				8961D97B28F035A900BE4821 /* Resources */,
			);
			buildRules = (
			);
			dependencies = (
			);
			name = MovieApp;
			productName = MovieApp;
			productReference = 8961D97D28F035A900BE4821 /* MovieApp.app */;
			productType = "com.apple.product-type.application";
		};
/* End PBXNativeTarget section */

/* Begin PBXProject section */
		8961D97528F035A900BE4821 /* Project object */ = {
			isa = PBXProject;
			attributes = {
				BuildIndependentTargetsInParallel = 1;
				LastSwiftUpdateCheck = 1400;
				LastUpgradeCheck = 1400;
				TargetAttributes = {
					8961D97C28F035A900BE4821 = {
						CreatedOnToolsVersion = 14.0;
					};
				};
			};
			buildConfigurationList = 8961D97828F035A900BE4821 /* Build configuration list for PBXProject "MovieApp" */;
			compatibilityVersion = "Xcode 14.0";
			developmentRegion = en;
			hasScannedForEncodings = 0;
			knownRegions = (
				en,
				Base,
			);
			mainGroup = 8961D97428F035A900BE4821;
			productRefGroup = 8961D97E28F035A900BE4821 /* Products */;
			projectDirPath = "";
			projectRoot = "";
			targets = (
				8961D97C28F035A900BE4821 /* MovieApp */,
			);
		};
/* End PBXProject section */

/* Begin PBXResourcesBuildPhase section */
		8961D97B28F035A900BE4821 /* Resources */ = {
			isa = PBXResourcesBuildPhase;
			buildActionMask = 2147483647;
			files = (
				8961D98D28F035AB00BE4821 /* LaunchScreen.storyboard in Resources */,
				8961D98A28F035AB00BE4821 /* Assets.xcassets in Resources */,
				8961D98828F035A900BE4821 /* Main.storyboard in Resources */,
				8961D99728F0362D00BE4821 /* MovieCollectionViewCell.xib in Resources */,
			);
			runOnlyForDeploymentPostprocessing = 0;
		};
/* End PBXResourcesBuildPhase section */

/* Begin PBXSourcesBuildPhase section */
		8961D97928F035A900BE4821 /* Sources */ = {
			isa = PBXSourcesBuildPhase;
			buildActionMask = 2147483647;
			files = (
				8961D9A128F03D1000BE4821 /* NetworkManager.swift in Sources */,
				8961D98528F035A900BE4821 /* MovieViewController.swift in Sources */,
				8961D98128F035A900BE4821 /* AppDelegate.swift in Sources */,
				8961D98328F035A900BE4821 /* SceneDelegate.swift in Sources */,
				8961D99628F0362D00BE4821 /* MovieCollectionViewCell.swift in Sources */,
				8961D9A328F04B2100BE4821 /* MovieViewModel.swift in Sources */,
				8961D99928F03C3C00BE4821 /* Movie.swift in Sources */,
			);
			runOnlyForDeploymentPostprocessing = 0;
		};
/* End PBXSourcesBuildPhase section */

/* Begin PBXVariantGroup section */
		8961D98628F035A900BE4821 /* Main.storyboard */ = {
			isa = PBXVariantGroup;
			children = (
				8961D98728F035A900BE4821 /* Base */,
			);
			name = Main.storyboard;
			sourceTree = "<group>";
		};
		8961D98B28F035AB00BE4821 /* LaunchScreen.storyboard */ = {
			isa = PBXVariantGroup;
			children = (
				8961D98C28F035AB00BE4821 /* Base */,
			);
			name = LaunchScreen.storyboard;
			sourceTree = "<group>";
		};
/* End PBXVariantGroup section */

/* Begin XCBuildConfiguration section */
		8961D98F28F035AB00BE4821 /* Debug */ = {
			isa = XCBuildConfiguration;
			buildSettings = {
				ALWAYS_SEARCH_USER_PATHS = NO;
				CLANG_ANALYZER_NONNULL = YES;
				CLANG_ANALYZER_NUMBER_OBJECT_CONVERSION = YES_AGGRESSIVE;
				CLANG_CXX_LANGUAGE_STANDARD = "gnu++20";
				CLANG_ENABLE_MODULES = YES;
				CLANG_ENABLE_OBJC_ARC = YES;
				CLANG_ENABLE_OBJC_WEAK = YES;
				CLANG_WARN_BLOCK_CAPTURE_AUTORELEASING = YES;
				CLANG_WARN_BOOL_CONVERSION = YES;
				CLANG_WARN_COMMA = YES;
				CLANG_WARN_CONSTANT_CONVERSION = YES;
				CLANG_WARN_DEPRECATED_OBJC_IMPLEMENTATIONS = YES;
				CLANG_WARN_DIRECT_OBJC_ISA_USAGE = YES_ERROR;
				CLANG_WARN_DOCUMENTATION_COMMENTS = YES;
				CLANG_WARN_EMPTY_BODY = YES;
				CLANG_WARN_ENUM_CONVERSION = YES;
				CLANG_WARN_INFINITE_RECURSION = YES;
				CLANG_WARN_INT_CONVERSION = YES;
				CLANG_WARN_NON_LITERAL_NULL_CONVERSION = YES;
				CLANG_WARN_OBJC_IMPLICIT_RETAIN_SELF = YES;
				CLANG_WARN_OBJC_LITERAL_CONVERSION = YES;
				CLANG_WARN_OBJC_ROOT_CLASS = YES_ERROR;
				CLANG_WARN_QUOTED_INCLUDE_IN_FRAMEWORK_HEADER = YES;
				CLANG_WARN_RANGE_LOOP_ANALYSIS = YES;
				CLANG_WARN_STRICT_PROTOTYPES = YES;
				CLANG_WARN_SUSPICIOUS_MOVE = YES;
				CLANG_WARN_UNGUARDED_AVAILABILITY = YES_AGGRESSIVE;
				CLANG_WARN_UNREACHABLE_CODE = YES;
				CLANG_WARN__DUPLICATE_METHOD_MATCH = YES;
				COPY_PHASE_STRIP = NO;
				DEBUG_INFORMATION_FORMAT = dwarf;
				ENABLE_STRICT_OBJC_MSGSEND = YES;
				ENABLE_TESTABILITY = YES;
				GCC_C_LANGUAGE_STANDARD = gnu11;
				GCC_DYNAMIC_NO_PIC = NO;
				GCC_NO_COMMON_BLOCKS = YES;
				GCC_OPTIMIZATION_LEVEL = 0;
				GCC_PREPROCESSOR_DEFINITIONS = (
					"DEBUG=1",
					"$(inherited)",
				);
				GCC_WARN_64_TO_32_BIT_CONVERSION = YES;
				GCC_WARN_ABOUT_RETURN_TYPE = YES_ERROR;
				GCC_WARN_UNDECLARED_SELECTOR = YES;
				GCC_WARN_UNINITIALIZED_AUTOS = YES_AGGRESSIVE;
				GCC_WARN_UNUSED_FUNCTION = YES;
				GCC_WARN_UNUSED_VARIABLE = YES;
				IPHONEOS_DEPLOYMENT_TARGET = 16.0;
				MTL_ENABLE_DEBUG_INFO = INCLUDE_SOURCE;
				MTL_FAST_MATH = YES;
				ONLY_ACTIVE_ARCH = YES;
				SDKROOT = iphoneos;
				SWIFT_ACTIVE_COMPILATION_CONDITIONS = DEBUG;
				SWIFT_OPTIMIZATION_LEVEL = "-Onone";
			};
			name = Debug;
		};
		8961D99028F035AB00BE4821 /* Release */ = {
			isa = XCBuildConfiguration;
			buildSettings = {
				ALWAYS_SEARCH_USER_PATHS = NO;
				CLANG_ANALYZER_NONNULL = YES;
				CLANG_ANALYZER_NUMBER_OBJECT_CONVERSION = YES_AGGRESSIVE;
				CLANG_CXX_LANGUAGE_STANDARD = "gnu++20";
				CLANG_ENABLE_MODULES = YES;
				CLANG_ENABLE_OBJC_ARC = YES;
				CLANG_ENABLE_OBJC_WEAK = YES;
				CLANG_WARN_BLOCK_CAPTURE_AUTORELEASING = YES;
				CLANG_WARN_BOOL_CONVERSION = YES;
				CLANG_WARN_COMMA = YES;
				CLANG_WARN_CONSTANT_CONVERSION = YES;
				CLANG_WARN_DEPRECATED_OBJC_IMPLEMENTATIONS = YES;
				CLANG_WARN_DIRECT_OBJC_ISA_USAGE = YES_ERROR;
				CLANG_WARN_DOCUMENTATION_COMMENTS = YES;
				CLANG_WARN_EMPTY_BODY = YES;
				CLANG_WARN_ENUM_CONVERSION = YES;
				CLANG_WARN_INFINITE_RECURSION = YES;
				CLANG_WARN_INT_CONVERSION = YES;
				CLANG_WARN_NON_LITERAL_NULL_CONVERSION = YES;
				CLANG_WARN_OBJC_IMPLICIT_RETAIN_SELF = YES;
				CLANG_WARN_OBJC_LITERAL_CONVERSION = YES;
				CLANG_WARN_OBJC_ROOT_CLASS = YES_ERROR;
				CLANG_WARN_QUOTED_INCLUDE_IN_FRAMEWORK_HEADER = YES;
				CLANG_WARN_RANGE_LOOP_ANALYSIS = YES;
				CLANG_WARN_STRICT_PROTOTYPES = YES;
				CLANG_WARN_SUSPICIOUS_MOVE = YES;
				CLANG_WARN_UNGUARDED_AVAILABILITY = YES_AGGRESSIVE;
				CLANG_WARN_UNREACHABLE_CODE = YES;
				CLANG_WARN__DUPLICATE_METHOD_MATCH = YES;
				COPY_PHASE_STRIP = NO;
				DEBUG_INFORMATION_FORMAT = "dwarf-with-dsym";
				ENABLE_NS_ASSERTIONS = NO;
				ENABLE_STRICT_OBJC_MSGSEND = YES;
				GCC_C_LANGUAGE_STANDARD = gnu11;
				GCC_NO_COMMON_BLOCKS = YES;
				GCC_WARN_64_TO_32_BIT_CONVERSION = YES;
				GCC_WARN_ABOUT_RETURN_TYPE = YES_ERROR;
				GCC_WARN_UNDECLARED_SELECTOR = YES;
				GCC_WARN_UNINITIALIZED_AUTOS = YES_AGGRESSIVE;
				GCC_WARN_UNUSED_FUNCTION = YES;
				GCC_WARN_UNUSED_VARIABLE = YES;
				IPHONEOS_DEPLOYMENT_TARGET = 16.0;
				MTL_ENABLE_DEBUG_INFO = NO;
				MTL_FAST_MATH = YES;
				SDKROOT = iphoneos;
				SWIFT_COMPILATION_MODE = wholemodule;
				SWIFT_OPTIMIZATION_LEVEL = "-O";
				VALIDATE_PRODUCT = YES;
			};
			name = Release;
		};
		8961D99228F035AB00BE4821 /* Debug */ = {
			isa = XCBuildConfiguration;
			buildSettings = {
				ASSETCATALOG_COMPILER_APPICON_NAME = AppIcon;
				ASSETCATALOG_COMPILER_GLOBAL_ACCENT_COLOR_NAME = AccentColor;
				CODE_SIGN_STYLE = Automatic;
				CURRENT_PROJECT_VERSION = 1;
				DEVELOPMENT_TEAM = V2AAW35578;
				GENERATE_INFOPLIST_FILE = YES;
				INFOPLIST_FILE = MovieApp/Application/Info.plist;
				INFOPLIST_KEY_UIApplicationSupportsIndirectInputEvents = YES;
				INFOPLIST_KEY_UILaunchStoryboardName = LaunchScreen;
				INFOPLIST_KEY_UIMainStoryboardFile = Main;
				INFOPLIST_KEY_UISupportedInterfaceOrientations_iPad = "UIInterfaceOrientationPortrait UIInterfaceOrientationPortraitUpsideDown UIInterfaceOrientationLandscapeLeft UIInterfaceOrientationLandscapeRight";
				INFOPLIST_KEY_UISupportedInterfaceOrientations_iPhone = "UIInterfaceOrientationPortrait UIInterfaceOrientationLandscapeLeft UIInterfaceOrientationLandscapeRight";
				LD_RUNPATH_SEARCH_PATHS = (
					"$(inherited)",
					"@executable_path/Frameworks",
				);
				MARKETING_VERSION = 1.0;
				PRODUCT_BUNDLE_IDENTIFIER = clown.MovieApp;
				PRODUCT_NAME = "$(TARGET_NAME)";
				SWIFT_EMIT_LOC_STRINGS = YES;
				SWIFT_VERSION = 5.0;
				TARGETED_DEVICE_FAMILY = "1,2";
			};
			name = Debug;
		};
		8961D99328F035AB00BE4821 /* Release */ = {
			isa = XCBuildConfiguration;
			buildSettings = {
				ASSETCATALOG_COMPILER_APPICON_NAME = AppIcon;
				ASSETCATALOG_COMPILER_GLOBAL_ACCENT_COLOR_NAME = AccentColor;
				CODE_SIGN_STYLE = Automatic;
				CURRENT_PROJECT_VERSION = 1;
				DEVELOPMENT_TEAM = V2AAW35578;
				GENERATE_INFOPLIST_FILE = YES;
				INFOPLIST_FILE = MovieApp/Application/Info.plist;
				INFOPLIST_KEY_UIApplicationSupportsIndirectInputEvents = YES;
				INFOPLIST_KEY_UILaunchStoryboardName = LaunchScreen;
				INFOPLIST_KEY_UIMainStoryboardFile = Main;
				INFOPLIST_KEY_UISupportedInterfaceOrientations_iPad = "UIInterfaceOrientationPortrait UIInterfaceOrientationPortraitUpsideDown UIInterfaceOrientationLandscapeLeft UIInterfaceOrientationLandscapeRight";
				INFOPLIST_KEY_UISupportedInterfaceOrientations_iPhone = "UIInterfaceOrientationPortrait UIInterfaceOrientationLandscapeLeft UIInterfaceOrientationLandscapeRight";
				LD_RUNPATH_SEARCH_PATHS = (
					"$(inherited)",
					"@executable_path/Frameworks",
				);
				MARKETING_VERSION = 1.0;
				PRODUCT_BUNDLE_IDENTIFIER = clown.MovieApp;
				PRODUCT_NAME = "$(TARGET_NAME)";
				SWIFT_EMIT_LOC_STRINGS = YES;
				SWIFT_VERSION = 5.0;
				TARGETED_DEVICE_FAMILY = "1,2";
			};
			name = Release;
		};
/* End XCBuildConfiguration section */

/* Begin XCConfigurationList section */
		8961D97828F035A900BE4821 /* Build configuration list for PBXProject "MovieApp" */ = {
			isa = XCConfigurationList;
			buildConfigurations = (
				8961D98F28F035AB00BE4821 /* Debug */,
				8961D99028F035AB00BE4821 /* Release */,
			);
			defaultConfigurationIsVisible = 0;
			defaultConfigurationName = Release;
		};
		8961D99128F035AB00BE4821 /* Build configuration list for PBXNativeTarget "MovieApp" */ = {
			isa = XCConfigurationList;
			buildConfigurations = (
				8961D99228F035AB00BE4821 /* Debug */,
				8961D99328F035AB00BE4821 /* Release */,
			);
			defaultConfigurationIsVisible = 0;
			defaultConfigurationName = Release;
		};
/* End XCConfigurationList section */
	};
	rootObject = 8961D97528F035A900BE4821 /* Project object */;
}
